// !$*UTF8*$!
{
	archiveVersion = 1;
	classes = {
	};
	objectVersion = 50;
	objects = {

/* Begin PBXBuildFile section */
		911B740824E0572F0023C731 /* UserData.swift in Sources */ = {isa = PBXBuildFile; fileRef = 911B740724E0572F0023C731 /* UserData.swift */; };
		91A6CCCF24E0354600D50C48 /* icybay.jpg in Resources */ = {isa = PBXBuildFile; fileRef = 91A6CCCE24E0354600D50C48 /* icybay.jpg */; };
		91C9E0BA24DF0A7A007EAC6E /* AppDelegate.swift in Sources */ = {isa = PBXBuildFile; fileRef = 91C9E0B924DF0A7A007EAC6E /* AppDelegate.swift */; };
		91C9E0BC24DF0A7A007EAC6E /* SceneDelegate.swift in Sources */ = {isa = PBXBuildFile; fileRef = 91C9E0BB24DF0A7A007EAC6E /* SceneDelegate.swift */; };
		91C9E0BE24DF0A7A007EAC6E /* LandmarkDetail.swift in Sources */ = {isa = PBXBuildFile; fileRef = 91C9E0BD24DF0A7A007EAC6E /* LandmarkDetail.swift */; };
		91C9E0C024DF0A7A007EAC6E /* Assets.xcassets in Resources */ = {isa = PBXBuildFile; fileRef = 91C9E0BF24DF0A7A007EAC6E /* Assets.xcassets */; };
		91C9E0C324DF0A7A007EAC6E /* Preview Assets.xcassets in Resources */ = {isa = PBXBuildFile; fileRef = 91C9E0C224DF0A7A007EAC6E /* Preview Assets.xcassets */; };
		91C9E0C624DF0A7A007EAC6E /* LaunchScreen.storyboard in Resources */ = {isa = PBXBuildFile; fileRef = 91C9E0C424DF0A7A007EAC6E /* LaunchScreen.storyboard */; };
		91C9E0CF24DF0C56007EAC6E /* CircleImage.swift in Sources */ = {isa = PBXBuildFile; fileRef = 91C9E0CE24DF0C56007EAC6E /* CircleImage.swift */; };
		91C9E0D124DF0DD0007EAC6E /* MapView.swift in Sources */ = {isa = PBXBuildFile; fileRef = 91C9E0D024DF0DD0007EAC6E /* MapView.swift */; };
		91E70CEB24DFE004004208AD /* Landmark.swift in Sources */ = {isa = PBXBuildFile; fileRef = 91E70CEA24DFE004004208AD /* Landmark.swift */; };
		91E70CED24DFE1CF004208AD /* Data.swift in Sources */ = {isa = PBXBuildFile; fileRef = 91E70CEC24DFE1CF004208AD /* Data.swift */; };
		91E70CFE24DFE2A6004208AD /* landmarkData.json in Resources */ = {isa = PBXBuildFile; fileRef = 91E70CF124DFE2A5004208AD /* landmarkData.json */; };
		91E70CFF24DFE2A6004208AD /* turtlerock.jpg in Resources */ = {isa = PBXBuildFile; fileRef = 91E70CF224DFE2A5004208AD /* turtlerock.jpg */; };
		91E70D0024DFE2A6004208AD /* rainbowlake.jpg in Resources */ = {isa = PBXBuildFile; fileRef = 91E70CF324DFE2A5004208AD /* rainbowlake.jpg */; };
		91E70D0224DFE2A6004208AD /* silversalmoncreek.jpg in Resources */ = {isa = PBXBuildFile; fileRef = 91E70CF524DFE2A5004208AD /* silversalmoncreek.jpg */; };
		91E70D0324DFE2A6004208AD /* stmarylake.jpg in Resources */ = {isa = PBXBuildFile; fileRef = 91E70CF624DFE2A5004208AD /* stmarylake.jpg */; };
		91E70D0424DFE2A6004208AD /* hiddenlake.jpg in Resources */ = {isa = PBXBuildFile; fileRef = 91E70CF724DFE2A5004208AD /* hiddenlake.jpg */; };
		91E70D0524DFE2A6004208AD /* umbagog.jpg in Resources */ = {isa = PBXBuildFile; fileRef = 91E70CF824DFE2A5004208AD /* umbagog.jpg */; };
		91E70D0624DFE2A6004208AD /* yukon_charleyrivers.jpg in Resources */ = {isa = PBXBuildFile; fileRef = 91E70CF924DFE2A5004208AD /* yukon_charleyrivers.jpg */; };
		91E70D0724DFE2A6004208AD /* chincoteague.jpg in Resources */ = {isa = PBXBuildFile; fileRef = 91E70CFA24DFE2A5004208AD /* chincoteague.jpg */; };
		91E70D0824DFE2A6004208AD /* twinlake.jpg in Resources */ = {isa = PBXBuildFile; fileRef = 91E70CFB24DFE2A5004208AD /* twinlake.jpg */; };
		91E70D0924DFE2A6004208AD /* lakemcdonald.jpg in Resources */ = {isa = PBXBuildFile; fileRef = 91E70CFC24DFE2A5004208AD /* lakemcdonald.jpg */; };
		91E70D0A24DFE2A6004208AD /* chilkoottrail.jpg in Resources */ = {isa = PBXBuildFile; fileRef = 91E70CFD24DFE2A5004208AD /* chilkoottrail.jpg */; };
		91E70D0C24DFE2F2004208AD /* LandmarkRow.swift in Sources */ = {isa = PBXBuildFile; fileRef = 91E70D0B24DFE2F2004208AD /* LandmarkRow.swift */; };
		91E70D0E24DFE4F1004208AD /* LandmarkList.swift in Sources */ = {isa = PBXBuildFile; fileRef = 91E70D0D24DFE4F1004208AD /* LandmarkList.swift */; };
/* End PBXBuildFile section */

/* Begin PBXFileReference section */
		911B740724E0572F0023C731 /* UserData.swift */ = {isa = PBXFileReference; lastKnownFileType = sourcecode.swift; path = UserData.swift; sourceTree = "<group>"; };
		91A6CCCE24E0354600D50C48 /* icybay.jpg */ = {isa = PBXFileReference; lastKnownFileType = image.jpeg; path = icybay.jpg; sourceTree = "<group>"; };
		91C9E0B624DF0A7A007EAC6E /* Landmarks.app */ = {isa = PBXFileReference; explicitFileType = wrapper.application; includeInIndex = 0; path = Landmarks.app; sourceTree = BUILT_PRODUCTS_DIR; };
		91C9E0B924DF0A7A007EAC6E /* AppDelegate.swift */ = {isa = PBXFileReference; lastKnownFileType = sourcecode.swift; path = AppDelegate.swift; sourceTree = "<group>"; };
		91C9E0BB24DF0A7A007EAC6E /* SceneDelegate.swift */ = {isa = PBXFileReference; lastKnownFileType = sourcecode.swift; path = SceneDelegate.swift; sourceTree = "<group>"; };
		91C9E0BD24DF0A7A007EAC6E /* LandmarkDetail.swift */ = {isa = PBXFileReference; lastKnownFileType = sourcecode.swift; path = LandmarkDetail.swift; sourceTree = "<group>"; };
		91C9E0BF24DF0A7A007EAC6E /* Assets.xcassets */ = {isa = PBXFileReference; lastKnownFileType = folder.assetcatalog; path = Assets.xcassets; sourceTree = "<group>"; };
		91C9E0C224DF0A7A007EAC6E /* Preview Assets.xcassets */ = {isa = PBXFileReference; lastKnownFileType = folder.assetcatalog; path = "Preview Assets.xcassets"; sourceTree = "<group>"; };
		91C9E0C524DF0A7A007EAC6E /* Base */ = {isa = PBXFileReference; lastKnownFileType = file.storyboard; name = Base; path = Base.lproj/LaunchScreen.storyboard; sourceTree = "<group>"; };
		91C9E0C724DF0A7A007EAC6E /* Info.plist */ = {isa = PBXFileReference; lastKnownFileType = text.plist.xml; path = Info.plist; sourceTree = "<group>"; };
		91C9E0CE24DF0C56007EAC6E /* CircleImage.swift */ = {isa = PBXFileReference; lastKnownFileType = sourcecode.swift; path = CircleImage.swift; sourceTree = "<group>"; };
		91C9E0D024DF0DD0007EAC6E /* MapView.swift */ = {isa = PBXFileReference; lastKnownFileType = sourcecode.swift; path = MapView.swift; sourceTree = "<group>"; };
		91E70CEA24DFE004004208AD /* Landmark.swift */ = {isa = PBXFileReference; lastKnownFileType = sourcecode.swift; path = Landmark.swift; sourceTree = "<group>"; };
		91E70CEC24DFE1CF004208AD /* Data.swift */ = {isa = PBXFileReference; lastKnownFileType = sourcecode.swift; path = Data.swift; sourceTree = "<group>"; };
		91E70CF124DFE2A5004208AD /* landmarkData.json */ = {isa = PBXFileReference; fileEncoding = 4; lastKnownFileType = text.json; path = landmarkData.json; sourceTree = "<group>"; };
		91E70CF224DFE2A5004208AD /* turtlerock.jpg */ = {isa = PBXFileReference; lastKnownFileType = image.jpeg; path = turtlerock.jpg; sourceTree = "<group>"; };
		91E70CF324DFE2A5004208AD /* rainbowlake.jpg */ = {isa = PBXFileReference; lastKnownFileType = image.jpeg; path = rainbowlake.jpg; sourceTree = "<group>"; };
		91E70CF524DFE2A5004208AD /* silversalmoncreek.jpg */ = {isa = PBXFileReference; lastKnownFileType = image.jpeg; path = silversalmoncreek.jpg; sourceTree = "<group>"; };
		91E70CF624DFE2A5004208AD /* stmarylake.jpg */ = {isa = PBXFileReference; lastKnownFileType = image.jpeg; path = stmarylake.jpg; sourceTree = "<group>"; };
		91E70CF724DFE2A5004208AD /* hiddenlake.jpg */ = {isa = PBXFileReference; lastKnownFileType = image.jpeg; path = hiddenlake.jpg; sourceTree = "<group>"; };
		91E70CF824DFE2A5004208AD /* umbagog.jpg */ = {isa = PBXFileReference; lastKnownFileType = image.jpeg; path = umbagog.jpg; sourceTree = "<group>"; };
		91E70CF924DFE2A5004208AD /* yukon_charleyrivers.jpg */ = {isa = PBXFileReference; lastKnownFileType = image.jpeg; path = yukon_charleyrivers.jpg; sourceTree = "<group>"; };
		91E70CFA24DFE2A5004208AD /* chincoteague.jpg */ = {isa = PBXFileReference; lastKnownFileType = image.jpeg; path = chincoteague.jpg; sourceTree = "<group>"; };
		91E70CFB24DFE2A5004208AD /* twinlake.jpg */ = {isa = PBXFileReference; lastKnownFileType = image.jpeg; path = twinlake.jpg; sourceTree = "<group>"; };
		91E70CFC24DFE2A5004208AD /* lakemcdonald.jpg */ = {isa = PBXFileReference; lastKnownFileType = image.jpeg; path = lakemcdonald.jpg; sourceTree = "<group>"; };
		91E70CFD24DFE2A5004208AD /* chilkoottrail.jpg */ = {isa = PBXFileReference; lastKnownFileType = image.jpeg; path = chilkoottrail.jpg; sourceTree = "<group>"; };
		91E70D0B24DFE2F2004208AD /* LandmarkRow.swift */ = {isa = PBXFileReference; lastKnownFileType = sourcecode.swift; path = LandmarkRow.swift; sourceTree = "<group>"; };
		91E70D0D24DFE4F1004208AD /* LandmarkList.swift */ = {isa = PBXFileReference; lastKnownFileType = sourcecode.swift; path = LandmarkList.swift; sourceTree = "<group>"; };
/* End PBXFileReference section */

/* Begin PBXFrameworksBuildPhase section */
		91C9E0B324DF0A7A007EAC6E /* Frameworks */ = {
			isa = PBXFrameworksBuildPhase;
			buildActionMask = 2147483647;
			files = (
			);
			runOnlyForDeploymentPostprocessing = 0;
		};
/* End PBXFrameworksBuildPhase section */

/* Begin PBXGroup section */
		91A6CCCD24E034DE00D50C48 /* Components */ = {
			isa = PBXGroup;
			children = (
				91C9E0CE24DF0C56007EAC6E /* CircleImage.swift */,
				91C9E0D024DF0DD0007EAC6E /* MapView.swift */,
				91E70D0B24DFE2F2004208AD /* LandmarkRow.swift */,
			);
			path = Components;
			sourceTree = "<group>";
		};
		91C9E0AD24DF0A79007EAC6E = {
			isa = PBXGroup;
			children = (
				91C9E0B824DF0A7A007EAC6E /* Landmarks */,
				91C9E0B724DF0A7A007EAC6E /* Products */,
			);
			sourceTree = "<group>";
		};
		91C9E0B724DF0A7A007EAC6E /* Products */ = {
			isa = PBXGroup;
			children = (
				91C9E0B624DF0A7A007EAC6E /* Landmarks.app */,
			);
			name = Products;
			sourceTree = "<group>";
		};
		91C9E0B824DF0A7A007EAC6E /* Landmarks */ = {
			isa = PBXGroup;
			children = (
				91A6CCCD24E034DE00D50C48 /* Components */,
				91E70CEE24DFE265004208AD /* Resources */,
				91E70CE924DFDFC0004208AD /* Models */,
				91C9E0CD24DF0C34007EAC6E /* Views */,
				91C9E0B924DF0A7A007EAC6E /* AppDelegate.swift */,
				91C9E0BB24DF0A7A007EAC6E /* SceneDelegate.swift */,
				91C9E0BF24DF0A7A007EAC6E /* Assets.xcassets */,
				91C9E0C424DF0A7A007EAC6E /* LaunchScreen.storyboard */,
				91C9E0C724DF0A7A007EAC6E /* Info.plist */,
				91C9E0C124DF0A7A007EAC6E /* Preview Content */,
			);
			path = Landmarks;
			sourceTree = "<group>";
		};
		91C9E0C124DF0A7A007EAC6E /* Preview Content */ = {
			isa = PBXGroup;
			children = (
				91C9E0C224DF0A7A007EAC6E /* Preview Assets.xcassets */,
			);
			path = "Preview Content";
			sourceTree = "<group>";
		};
		91C9E0CD24DF0C34007EAC6E /* Views */ = {
			isa = PBXGroup;
			children = (
				91C9E0BD24DF0A7A007EAC6E /* LandmarkDetail.swift */,
				91E70D0D24DFE4F1004208AD /* LandmarkList.swift */,
			);
			path = Views;
			sourceTree = "<group>";
		};
		91E70CE924DFDFC0004208AD /* Models */ = {
			isa = PBXGroup;
			children = (
				91E70CEA24DFE004004208AD /* Landmark.swift */,
				91E70CEC24DFE1CF004208AD /* Data.swift */,
				911B740724E0572F0023C731 /* UserData.swift */,
			);
			path = Models;
			sourceTree = "<group>";
		};
		91E70CEE24DFE265004208AD /* Resources */ = {
			isa = PBXGroup;
			children = (
				91A6CCCE24E0354600D50C48 /* icybay.jpg */,
				91E70CFD24DFE2A5004208AD /* chilkoottrail.jpg */,
				91E70CFA24DFE2A5004208AD /* chincoteague.jpg */,
				91E70CF724DFE2A5004208AD /* hiddenlake.jpg */,
				91E70CFC24DFE2A5004208AD /* lakemcdonald.jpg */,
				91E70CF124DFE2A5004208AD /* landmarkData.json */,
				91E70CF324DFE2A5004208AD /* rainbowlake.jpg */,
				91E70CF524DFE2A5004208AD /* silversalmoncreek.jpg */,
				91E70CF624DFE2A5004208AD /* stmarylake.jpg */,
				91E70CF224DFE2A5004208AD /* turtlerock.jpg */,
				91E70CFB24DFE2A5004208AD /* twinlake.jpg */,
				91E70CF824DFE2A5004208AD /* umbagog.jpg */,
				91E70CF924DFE2A5004208AD /* yukon_charleyrivers.jpg */,
			);
			path = Resources;
			sourceTree = "<group>";
		};
/* End PBXGroup section */

/* Begin PBXNativeTarget section */
		91C9E0B524DF0A7A007EAC6E /* Landmarks */ = {
			isa = PBXNativeTarget;
			buildConfigurationList = 91C9E0CA24DF0A7A007EAC6E /* Build configuration list for PBXNativeTarget "Landmarks" */;
			buildPhases = (
				91C9E0B224DF0A7A007EAC6E /* Sources */,
				91C9E0B324DF0A7A007EAC6E /* Frameworks */,
				91C9E0B424DF0A7A007EAC6E /* Resources */,
			);
			buildRules = (
			);
			dependencies = (
			);
			name = Landmarks;
			productName = Landmarks;
			productReference = 91C9E0B624DF0A7A007EAC6E /* Landmarks.app */;
			productType = "com.apple.product-type.application";
		};
/* End PBXNativeTarget section */

/* Begin PBXProject section */
		91C9E0AE24DF0A79007EAC6E /* Project object */ = {
			isa = PBXProject;
			attributes = {
				LastSwiftUpdateCheck = 1120;
				LastUpgradeCheck = 1120;
				ORGANIZATIONNAME = "Daniel Gunawan";
				TargetAttributes = {
					91C9E0B524DF0A7A007EAC6E = {
						CreatedOnToolsVersion = 11.2.1;
					};
				};
			};
			buildConfigurationList = 91C9E0B124DF0A79007EAC6E /* Build configuration list for PBXProject "Landmarks" */;
			compatibilityVersion = "Xcode 9.3";
			developmentRegion = en;
			hasScannedForEncodings = 0;
			knownRegions = (
				en,
				Base,
			);
			mainGroup = 91C9E0AD24DF0A79007EAC6E;
			productRefGroup = 91C9E0B724DF0A7A007EAC6E /* Products */;
			projectDirPath = "";
			projectRoot = "";
			targets = (
				91C9E0B524DF0A7A007EAC6E /* Landmarks */,
			);
		};
/* End PBXProject section */

/* Begin PBXResourcesBuildPhase section */
		91C9E0B424DF0A7A007EAC6E /* Resources */ = {
			isa = PBXResourcesBuildPhase;
			buildActionMask = 2147483647;
			files = (
				91E70D0524DFE2A6004208AD /* umbagog.jpg in Resources */,
				91E70D0024DFE2A6004208AD /* rainbowlake.jpg in Resources */,
				91C9E0C624DF0A7A007EAC6E /* LaunchScreen.storyboard in Resources */,
				91E70D0224DFE2A6004208AD /* silversalmoncreek.jpg in Resources */,
				91C9E0C324DF0A7A007EAC6E /* Preview Assets.xcassets in Resources */,
				91E70D0824DFE2A6004208AD /* twinlake.jpg in Resources */,
				91E70D0424DFE2A6004208AD /* hiddenlake.jpg in Resources */,
				91E70CFF24DFE2A6004208AD /* turtlerock.jpg in Resources */,
				91E70D0324DFE2A6004208AD /* stmarylake.jpg in Resources */,
				91E70D0A24DFE2A6004208AD /* chilkoottrail.jpg in Resources */,
				91A6CCCF24E0354600D50C48 /* icybay.jpg in Resources */,
				91E70D0724DFE2A6004208AD /* chincoteague.jpg in Resources */,
				91E70CFE24DFE2A6004208AD /* landmarkData.json in Resources */,
				91C9E0C024DF0A7A007EAC6E /* Assets.xcassets in Resources */,
				91E70D0924DFE2A6004208AD /* lakemcdonald.jpg in Resources */,
				91E70D0624DFE2A6004208AD /* yukon_charleyrivers.jpg in Resources */,
			);
			runOnlyForDeploymentPostprocessing = 0;
		};
/* End PBXResourcesBuildPhase section */

/* Begin PBXSourcesBuildPhase section */
		91C9E0B224DF0A7A007EAC6E /* Sources */ = {
			isa = PBXSourcesBuildPhase;
			buildActionMask = 2147483647;
			files = (
				91E70CED24DFE1CF004208AD /* Data.swift in Sources */,
				91C9E0BA24DF0A7A007EAC6E /* AppDelegate.swift in Sources */,
				91C9E0CF24DF0C56007EAC6E /* CircleImage.swift in Sources */,
				91C9E0D124DF0DD0007EAC6E /* MapView.swift in Sources */,
				91E70D0E24DFE4F1004208AD /* LandmarkList.swift in Sources */,
				91C9E0BC24DF0A7A007EAC6E /* SceneDelegate.swift in Sources */,
				91C9E0BE24DF0A7A007EAC6E /* LandmarkDetail.swift in Sources */,
				91E70D0C24DFE2F2004208AD /* LandmarkRow.swift in Sources */,
				911B740824E0572F0023C731 /* UserData.swift in Sources */,
				91E70CEB24DFE004004208AD /* Landmark.swift in Sources */,
			);
			runOnlyForDeploymentPostprocessing = 0;
		};
/* End PBXSourcesBuildPhase section */

/* Begin PBXVariantGroup section */
		91C9E0C424DF0A7A007EAC6E /* LaunchScreen.storyboard */ = {
			isa = PBXVariantGroup;
			children = (
				91C9E0C524DF0A7A007EAC6E /* Base */,
			);
			name = LaunchScreen.storyboard;
			sourceTree = "<group>";
		};
/* End PBXVariantGroup section */

/* Begin XCBuildConfiguration section */
		91C9E0C824DF0A7A007EAC6E /* Debug */ = {
			isa = XCBuildConfiguration;
			buildSettings = {
				ALWAYS_SEARCH_USER_PATHS = NO;
				CLANG_ANALYZER_NONNULL = YES;
				CLANG_ANALYZER_NUMBER_OBJECT_CONVERSION = YES_AGGRESSIVE;
				CLANG_CXX_LANGUAGE_STANDARD = "gnu++14";
				CLANG_CXX_LIBRARY = "libc++";
				CLANG_ENABLE_MODULES = YES;
				CLANG_ENABLE_OBJC_ARC = YES;
				CLANG_ENABLE_OBJC_WEAK = YES;
				CLANG_WARN_BLOCK_CAPTURE_AUTORELEASING = YES;
				CLANG_WARN_BOOL_CONVERSION = YES;
				CLANG_WARN_COMMA = YES;
				CLANG_WARN_CONSTANT_CONVERSION = YES;
				CLANG_WARN_DEPRECATED_OBJC_IMPLEMENTATIONS = YES;
				CLANG_WARN_DIRECT_OBJC_ISA_USAGE = YES_ERROR;
				CLANG_WARN_DOCUMENTATION_COMMENTS = YES;
				CLANG_WARN_EMPTY_BODY = YES;
				CLANG_WARN_ENUM_CONVERSION = YES;
				CLANG_WARN_INFINITE_RECURSION = YES;
				CLANG_WARN_INT_CONVERSION = YES;
				CLANG_WARN_NON_LITERAL_NULL_CONVERSION = YES;
				CLANG_WARN_OBJC_IMPLICIT_RETAIN_SELF = YES;
				CLANG_WARN_OBJC_LITERAL_CONVERSION = YES;
				CLANG_WARN_OBJC_ROOT_CLASS = YES_ERROR;
				CLANG_WARN_RANGE_LOOP_ANALYSIS = YES;
				CLANG_WARN_STRICT_PROTOTYPES = YES;
				CLANG_WARN_SUSPICIOUS_MOVE = YES;
				CLANG_WARN_UNGUARDED_AVAILABILITY = YES_AGGRESSIVE;
				CLANG_WARN_UNREACHABLE_CODE = YES;
				CLANG_WARN__DUPLICATE_METHOD_MATCH = YES;
				COPY_PHASE_STRIP = NO;
				DEBUG_INFORMATION_FORMAT = dwarf;
				ENABLE_STRICT_OBJC_MSGSEND = YES;
				ENABLE_TESTABILITY = YES;
				GCC_C_LANGUAGE_STANDARD = gnu11;
				GCC_DYNAMIC_NO_PIC = NO;
				GCC_NO_COMMON_BLOCKS = YES;
				GCC_OPTIMIZATION_LEVEL = 0;
				GCC_PREPROCESSOR_DEFINITIONS = (
					"DEBUG=1",
					"$(inherited)",
				);
				GCC_WARN_64_TO_32_BIT_CONVERSION = YES;
				GCC_WARN_ABOUT_RETURN_TYPE = YES_ERROR;
				GCC_WARN_UNDECLARED_SELECTOR = YES;
				GCC_WARN_UNINITIALIZED_AUTOS = YES_AGGRESSIVE;
				GCC_WARN_UNUSED_FUNCTION = YES;
				GCC_WARN_UNUSED_VARIABLE = YES;
				IPHONEOS_DEPLOYMENT_TARGET = 13.2;
				MTL_ENABLE_DEBUG_INFO = INCLUDE_SOURCE;
				MTL_FAST_MATH = YES;
				ONLY_ACTIVE_ARCH = YES;
				SDKROOT = iphoneos;
				SWIFT_ACTIVE_COMPILATION_CONDITIONS = DEBUG;
				SWIFT_OPTIMIZATION_LEVEL = "-Onone";
			};
			name = Debug;
		};
		91C9E0C924DF0A7A007EAC6E /* Release */ = {
			isa = XCBuildConfiguration;
			buildSettings = {
				ALWAYS_SEARCH_USER_PATHS = NO;
				CLANG_ANALYZER_NONNULL = YES;
				CLANG_ANALYZER_NUMBER_OBJECT_CONVERSION = YES_AGGRESSIVE;
				CLANG_CXX_LANGUAGE_STANDARD = "gnu++14";
				CLANG_CXX_LIBRARY = "libc++";
				CLANG_ENABLE_MODULES = YES;
				CLANG_ENABLE_OBJC_ARC = YES;
				CLANG_ENABLE_OBJC_WEAK = YES;
				CLANG_WARN_BLOCK_CAPTURE_AUTORELEASING = YES;
				CLANG_WARN_BOOL_CONVERSION = YES;
				CLANG_WARN_COMMA = YES;
				CLANG_WARN_CONSTANT_CONVERSION = YES;
				CLANG_WARN_DEPRECATED_OBJC_IMPLEMENTATIONS = YES;
				CLANG_WARN_DIRECT_OBJC_ISA_USAGE = YES_ERROR;
				CLANG_WARN_DOCUMENTATION_COMMENTS = YES;
				CLANG_WARN_EMPTY_BODY = YES;
				CLANG_WARN_ENUM_CONVERSION = YES;
				CLANG_WARN_INFINITE_RECURSION = YES;
				CLANG_WARN_INT_CONVERSION = YES;
				CLANG_WARN_NON_LITERAL_NULL_CONVERSION = YES;
				CLANG_WARN_OBJC_IMPLICIT_RETAIN_SELF = YES;
				CLANG_WARN_OBJC_LITERAL_CONVERSION = YES;
				CLANG_WARN_OBJC_ROOT_CLASS = YES_ERROR;
				CLANG_WARN_RANGE_LOOP_ANALYSIS = YES;
				CLANG_WARN_STRICT_PROTOTYPES = YES;
				CLANG_WARN_SUSPICIOUS_MOVE = YES;
				CLANG_WARN_UNGUARDED_AVAILABILITY = YES_AGGRESSIVE;
				CLANG_WARN_UNREACHABLE_CODE = YES;
				CLANG_WARN__DUPLICATE_METHOD_MATCH = YES;
				COPY_PHASE_STRIP = NO;
				DEBUG_INFORMATION_FORMAT = "dwarf-with-dsym";
				ENABLE_NS_ASSERTIONS = NO;
				ENABLE_STRICT_OBJC_MSGSEND = YES;
				GCC_C_LANGUAGE_STANDARD = gnu11;
				GCC_NO_COMMON_BLOCKS = YES;
				GCC_WARN_64_TO_32_BIT_CONVERSION = YES;
				GCC_WARN_ABOUT_RETURN_TYPE = YES_ERROR;
				GCC_WARN_UNDECLARED_SELECTOR = YES;
				GCC_WARN_UNINITIALIZED_AUTOS = YES_AGGRESSIVE;
				GCC_WARN_UNUSED_FUNCTION = YES;
				GCC_WARN_UNUSED_VARIABLE = YES;
				IPHONEOS_DEPLOYMENT_TARGET = 13.2;
				MTL_ENABLE_DEBUG_INFO = NO;
				MTL_FAST_MATH = YES;
				SDKROOT = iphoneos;
				SWIFT_COMPILATION_MODE = wholemodule;
				SWIFT_OPTIMIZATION_LEVEL = "-O";
				VALIDATE_PRODUCT = YES;
			};
			name = Release;
		};
		91C9E0CB24DF0A7A007EAC6E /* Debug */ = {
			isa = XCBuildConfiguration;
			buildSettings = {
				ASSETCATALOG_COMPILER_APPICON_NAME = AppIcon;
				CODE_SIGN_STYLE = Automatic;
				DEVELOPMENT_ASSET_PATHS = "\"Landmarks/Preview Content\"";
				DEVELOPMENT_TEAM = 7DQGP7DU26;
				ENABLE_PREVIEWS = YES;
				INFOPLIST_FILE = Landmarks/Info.plist;
				LD_RUNPATH_SEARCH_PATHS = (
					"$(inherited)",
					"@executable_path/Frameworks",
				);
				PRODUCT_BUNDLE_IDENTIFIER = com.danielgunawan.Landmarks;
				PRODUCT_NAME = "$(TARGET_NAME)";
				SWIFT_VERSION = 5.0;
				TARGETED_DEVICE_FAMILY = "1,2";
			};
			name = Debug;
		};
		91C9E0CC24DF0A7A007EAC6E /* Release */ = {
			isa = XCBuildConfiguration;
			buildSettings = {
				ASSETCATALOG_COMPILER_APPICON_NAME = AppIcon;
				CODE_SIGN_STYLE = Automatic;
				DEVELOPMENT_ASSET_PATHS = "\"Landmarks/Preview Content\"";
				DEVELOPMENT_TEAM = 7DQGP7DU26;
				ENABLE_PREVIEWS = YES;
				INFOPLIST_FILE = Landmarks/Info.plist;
				LD_RUNPATH_SEARCH_PATHS = (
					"$(inherited)",
					"@executable_path/Frameworks",
				);
				PRODUCT_BUNDLE_IDENTIFIER = com.danielgunawan.Landmarks;
				PRODUCT_NAME = "$(TARGET_NAME)";
				SWIFT_VERSION = 5.0;
				TARGETED_DEVICE_FAMILY = "1,2";
			};
			name = Release;
		};
/* End XCBuildConfiguration section */

/* Begin XCConfigurationList section */
		91C9E0B124DF0A79007EAC6E /* Build configuration list for PBXProject "Landmarks" */ = {
			isa = XCConfigurationList;
			buildConfigurations = (
				91C9E0C824DF0A7A007EAC6E /* Debug */,
				91C9E0C924DF0A7A007EAC6E /* Release */,
			);
			defaultConfigurationIsVisible = 0;
			defaultConfigurationName = Release;
		};
		91C9E0CA24DF0A7A007EAC6E /* Build configuration list for PBXNativeTarget "Landmarks" */ = {
			isa = XCConfigurationList;
			buildConfigurations = (
				91C9E0CB24DF0A7A007EAC6E /* Debug */,
				91C9E0CC24DF0A7A007EAC6E /* Release */,
			);
			defaultConfigurationIsVisible = 0;
			defaultConfigurationName = Release;
		};
/* End XCConfigurationList section */
	};
	rootObject = 91C9E0AE24DF0A79007EAC6E /* Project object */;
}
